
Microsoft Visual Studio Solution File, Format Version 12.00
# Visual Studio 15
VisualStudioVersion = 15.0.28010.2048
MinimumVisualStudioVersion = 10.0.40219.1
Project("{FAE04EC0-301F-11D3-BF4B-00C04F79EFBC}") = "CalidadSW", "CalidadSW\CalidadSW.csproj", "{3CB997A1-396D-498B-9C20-5A5D36AD9F69}"
EndProject
Project("{FAE04EC0-301F-11D3-BF4B-00C04F79EFBC}") = "Sample2", "Sample2\Sample2.csproj", "{8565331C-B7BF-4163-AACE-7F5258478500}"
EndProject
Global
	GlobalSection(SolutionConfigurationPlatforms) = preSolution
		Debug|Any CPU = Debug|Any CPU
		Release|Any CPU = Release|Any CPU
	EndGlobalSection
	GlobalSection(ProjectConfigurationPlatforms) = postSolution
		{3CB997A1-396D-498B-9C20-5A5D36AD9F69}.Debug|Any CPU.ActiveCfg = Debug|Any CPU
		{3CB997A1-396D-498B-9C20-5A5D36AD9F69}.Debug|Any CPU.Build.0 = Debug|Any CPU
		{3CB997A1-396D-498B-9C20-5A5D36AD9F69}.Release|Any CPU.ActiveCfg = Release|Any CPU
		{3CB997A1-396D-498B-9C20-5A5D36AD9F69}.Release|Any CPU.Build.0 = Release|Any CPU
		{8565331C-B7BF-4163-AACE-7F5258478500}.Debug|Any CPU.ActiveCfg = Debug|Any CPU
		{8565331C-B7BF-4163-AACE-7F5258478500}.Debug|Any CPU.Build.0 = Debug|Any CPU
		{8565331C-B7BF-4163-AACE-7F5258478500}.Release|Any CPU.ActiveCfg = Release|Any CPU
		{8565331C-B7BF-4163-AACE-7F5258478500}.Release|Any CPU.Build.0 = Release|Any CPU
	EndGlobalSection
	GlobalSection(SolutionProperties) = preSolution
		HideSolutionNode = FALSE
	EndGlobalSection
	GlobalSection(ExtensibilityGlobals) = postSolution
		SolutionGuid = {2A5FE627-FFCC-46A1-A508-4F8977035450}
	EndGlobalSection
EndGlobal
